
Microsoft Visual Studio Solution File, Format Version 12.00
# Visual Studio Version 17
VisualStudioVersion = 17.3.32825.248
MinimumVisualStudioVersion = 10.0.40219.1
Project("{FAE04EC0-301F-11D3-BF4B-00C04F79EFBC}") = "GymMenagmentSystem", "GymMenagmentSystem\GymMenagmentSystem.csproj", "{36D198E2-E749-4E51-9E8C-4023601F7E9A}"
EndProject
Global
	GlobalSection(SolutionConfigurationPlatforms) = preSolution
		Debug|Any CPU = Debug|Any CPU
		Release|Any CPU = Release|Any CPU
	EndGlobalSection
	GlobalSection(ProjectConfigurationPlatforms) = postSolution
		{36D198E2-E749-4E51-9E8C-4023601F7E9A}.Debug|Any CPU.ActiveCfg = Debug|Any CPU
		{36D198E2-E749-4E51-9E8C-4023601F7E9A}.Debug|Any CPU.Build.0 = Debug|Any CPU
		{36D198E2-E749-4E51-9E8C-4023601F7E9A}.Release|Any CPU.ActiveCfg = Release|Any CPU
		{36D198E2-E749-4E51-9E8C-4023601F7E9A}.Release|Any CPU.Build.0 = Release|Any CPU
	EndGlobalSection
	GlobalSection(SolutionProperties) = preSolution
		HideSolutionNode = FALSE
	EndGlobalSection
	GlobalSection(ExtensibilityGlobals) = postSolution
		SolutionGuid = {617BECE1-FF06-4FDA-AC84-F1E1336EA254}
	EndGlobalSection
EndGlobal
